
Microsoft Visual Studio Solution File, Format Version 11.00
# Visual Studio 2010
Project("{FAE04EC0-301F-11D3-BF4B-00C04F79EFBC}") = "xmlreader", "xmlreader\xmlreader.csproj", "{BF37A459-53DD-4970-A060-1A6804E35B8B}"
EndProject
Global
	GlobalSection(SolutionConfigurationPlatforms) = preSolution
		Debug|x86 = Debug|x86
		Release|x86 = Release|x86
	EndGlobalSection
	GlobalSection(ProjectConfigurationPlatforms) = postSolution
		{BF37A459-53DD-4970-A060-1A6804E35B8B}.Debug|x86.ActiveCfg = Debug|x86
		{BF37A459-53DD-4970-A060-1A6804E35B8B}.Debug|x86.Build.0 = Debug|x86
		{BF37A459-53DD-4970-A060-1A6804E35B8B}.Release|x86.ActiveCfg = Release|x86
		{BF37A459-53DD-4970-A060-1A6804E35B8B}.Release|x86.Build.0 = Release|x86
	EndGlobalSection
	GlobalSection(SolutionProperties) = preSolution
		HideSolutionNode = FALSE
	EndGlobalSection
EndGlobal
